
Microsoft Visual Studio Solution File, Format Version 12.00
# Visual Studio Version 17
VisualStudioVersion = 17.6.33815.320
MinimumVisualStudioVersion = 10.0.40219.1
Project("{FAE04EC0-301F-11D3-BF4B-00C04F79EFBC}") = "QA_Silenium", "QA_Silenium\QA_Silenium.csproj", "{9BE8CA8C-DAD0-4A13-9535-DDB84014EEF5}"
EndProject
Global
	GlobalSection(SolutionConfigurationPlatforms) = preSolution
		Debug|Any CPU = Debug|Any CPU
		Release|Any CPU = Release|Any CPU
	EndGlobalSection
	GlobalSection(ProjectConfigurationPlatforms) = postSolution
		{9BE8CA8C-DAD0-4A13-9535-DDB84014EEF5}.Debug|Any CPU.ActiveCfg = Debug|Any CPU
		{9BE8CA8C-DAD0-4A13-9535-DDB84014EEF5}.Debug|Any CPU.Build.0 = Debug|Any CPU
		{9BE8CA8C-DAD0-4A13-9535-DDB84014EEF5}.Release|Any CPU.ActiveCfg = Release|Any CPU
		{9BE8CA8C-DAD0-4A13-9535-DDB84014EEF5}.Release|Any CPU.Build.0 = Release|Any CPU
	EndGlobalSection
	GlobalSection(SolutionProperties) = preSolution
		HideSolutionNode = FALSE
	EndGlobalSection
	GlobalSection(ExtensibilityGlobals) = postSolution
		SolutionGuid = {DE9AAAF7-DACF-49A6-B843-23E28CDC5D48}
	EndGlobalSection
EndGlobal
